uuid: 5520f054-29f7-4268-b557-302a93f4c4f2
langcode: en
status: true
dependencies:
  module:
    - block_class
    - masc_custom_blocks
    - rng
    - system
  theme:
    - masc
third_party_settings:
  block_class:
    classes: ''
id: socialsignupblock
theme: masc
region: content_bottom
weight: 0
provider: null
plugin: social_signup_block
settings:
  id: social_signup_block
  label: 'Social signup block'
  provider: masc_custom_blocks
  label_display: '0'
visibility:
  rng_current_time:
    id: rng_current_time
    date: '1521085431'
    negate: false
    context_mapping: {  }
  rng_rule_scheduler:
    id: rng_rule_scheduler
    rng_rule_component: null
    rng_rule_scheduler: null
    date: '1521085431'
    negate: false
    context_mapping: {  }
  request_path:
    id: request_path
    pages: '<front>'
    negate: false
    context_mapping: {  }
